
Microsoft Visual Studio Solution File, Format Version 12.00
# Visual Studio Version 17
VisualStudioVersion = 17.8.34408.163
MinimumVisualStudioVersion = 10.0.40219.1
Project("{8BC9CEB8-8B4A-11D0-8D11-00A0C91BC942}") = "Chp 12", "Chp 12.vcxproj", "{2DAAAF37-D3A6-4B48-B89F-3050F19D4653}"
EndProject
Global
	GlobalSection(SolutionConfigurationPlatforms) = preSolution
		Debug|x64 = Debug|x64
		Debug|x86 = Debug|x86
		Release|x64 = Release|x64
		Release|x86 = Release|x86
	EndGlobalSection
	GlobalSection(ProjectConfigurationPlatforms) = postSolution
		{2DAAAF37-D3A6-4B48-B89F-3050F19D4653}.Debug|x64.ActiveCfg = Debug|x64
		{2DAAAF37-D3A6-4B48-B89F-3050F19D4653}.Debug|x64.Build.0 = Debug|x64
		{2DAAAF37-D3A6-4B48-B89F-3050F19D4653}.Debug|x86.ActiveCfg = Debug|Win32
		{2DAAAF37-D3A6-4B48-B89F-3050F19D4653}.Debug|x86.Build.0 = Debug|Win32
		{2DAAAF37-D3A6-4B48-B89F-3050F19D4653}.Release|x64.ActiveCfg = Release|x64
		{2DAAAF37-D3A6-4B48-B89F-3050F19D4653}.Release|x64.Build.0 = Release|x64
		{2DAAAF37-D3A6-4B48-B89F-3050F19D4653}.Release|x86.ActiveCfg = Release|Win32
		{2DAAAF37-D3A6-4B48-B89F-3050F19D4653}.Release|x86.Build.0 = Release|Win32
	EndGlobalSection
	GlobalSection(SolutionProperties) = preSolution
		HideSolutionNode = FALSE
	EndGlobalSection
	GlobalSection(ExtensibilityGlobals) = postSolution
		SolutionGuid = {6DE27D80-BB15-4C6A-ACD7-123FB5A76BB0}
	EndGlobalSection
EndGlobal
